{
  "name": "famous_quote",
  "version": "1.0.0",
  "lockfileVersion": 3,
  "requires": true,
  "packages": {
    "": {
      "name": "famous_quote",
      "version": "1.0.0",
      "license": "ISC",
      "dependencies": {
        "undici-types": "^5.26.5"
      },
      "devDependencies": {
        "@types/node": "^20.11.23"
      }
    },
    "node_modules/@types/node": {
      "version": "20.11.23",
      "resolved": "https://registry.npmjs.org/@types/node/-/node-20.11.23.tgz",
      "integrity": "sha512-ZUarKKfQuRILSNYt32FuPL20HS7XwNT7/uRwSV8tiHWfyyVwDLYZNF6DZKc2bove++pgfsXn9sUwII/OsQ82cQ==",
      "dev": true,
      "dependencies": {
        "undici-types": "~5.26.4"
      }
    },
    "node_modules/undici-types": {
      "version": "5.26.5",
      "license": "MIT"
    }
  }
}
